
Microsoft Visual Studio Solution File, Format Version 12.00
# Visual Studio Version 17
VisualStudioVersion = 17.4.33205.214
MinimumVisualStudioVersion = 10.0.40219.1
Project("{8BC9CEB8-8B4A-11D0-8D11-00A0C91BC942}") = "study-c-base", "study-c-base\study-c-base.vcxproj", "{BC14C2B7-5321-416B-B089-A06205C8049A}"
EndProject
Project("{8BC9CEB8-8B4A-11D0-8D11-00A0C91BC942}") = "study-c11", "study-c11\study-c11.vcxproj", "{4FB8A8A1-B50A-4A07-9B3E-DCC99CA74DAC}"
EndProject
Project("{8BC9CEB8-8B4A-11D0-8D11-00A0C91BC942}") = "study-stl", "study-stl\study-stl.vcxproj", "{9B12859C-608B-4C46-B508-73D1D968D999}"
EndProject
Project("{8BC9CEB8-8B4A-11D0-8D11-00A0C91BC942}") = "study-c14", "study-c14\study-c14.vcxproj", "{36A8E817-5C7C-4603-986E-4DD2CB191CB5}"
EndProject
Global
	GlobalSection(SolutionConfigurationPlatforms) = preSolution
		Debug|x64 = Debug|x64
		Debug|x86 = Debug|x86
		Release|x64 = Release|x64
		Release|x86 = Release|x86
	EndGlobalSection
	GlobalSection(ProjectConfigurationPlatforms) = postSolution
		{BC14C2B7-5321-416B-B089-A06205C8049A}.Debug|x64.ActiveCfg = Debug|x64
		{BC14C2B7-5321-416B-B089-A06205C8049A}.Debug|x64.Build.0 = Debug|x64
		{BC14C2B7-5321-416B-B089-A06205C8049A}.Debug|x86.ActiveCfg = Debug|Win32
		{BC14C2B7-5321-416B-B089-A06205C8049A}.Debug|x86.Build.0 = Debug|Win32
		{BC14C2B7-5321-416B-B089-A06205C8049A}.Release|x64.ActiveCfg = Release|x64
		{BC14C2B7-5321-416B-B089-A06205C8049A}.Release|x64.Build.0 = Release|x64
		{BC14C2B7-5321-416B-B089-A06205C8049A}.Release|x86.ActiveCfg = Release|Win32
		{BC14C2B7-5321-416B-B089-A06205C8049A}.Release|x86.Build.0 = Release|Win32
		{4FB8A8A1-B50A-4A07-9B3E-DCC99CA74DAC}.Debug|x64.ActiveCfg = Debug|x64
		{4FB8A8A1-B50A-4A07-9B3E-DCC99CA74DAC}.Debug|x64.Build.0 = Debug|x64
		{4FB8A8A1-B50A-4A07-9B3E-DCC99CA74DAC}.Debug|x86.ActiveCfg = Debug|Win32
		{4FB8A8A1-B50A-4A07-9B3E-DCC99CA74DAC}.Debug|x86.Build.0 = Debug|Win32
		{4FB8A8A1-B50A-4A07-9B3E-DCC99CA74DAC}.Release|x64.ActiveCfg = Release|x64
		{4FB8A8A1-B50A-4A07-9B3E-DCC99CA74DAC}.Release|x64.Build.0 = Release|x64
		{4FB8A8A1-B50A-4A07-9B3E-DCC99CA74DAC}.Release|x86.ActiveCfg = Release|Win32
		{4FB8A8A1-B50A-4A07-9B3E-DCC99CA74DAC}.Release|x86.Build.0 = Release|Win32
		{9B12859C-608B-4C46-B508-73D1D968D999}.Debug|x64.ActiveCfg = Debug|x64
		{9B12859C-608B-4C46-B508-73D1D968D999}.Debug|x64.Build.0 = Debug|x64
		{9B12859C-608B-4C46-B508-73D1D968D999}.Debug|x86.ActiveCfg = Debug|Win32
		{9B12859C-608B-4C46-B508-73D1D968D999}.Debug|x86.Build.0 = Debug|Win32
		{9B12859C-608B-4C46-B508-73D1D968D999}.Release|x64.ActiveCfg = Release|x64
		{9B12859C-608B-4C46-B508-73D1D968D999}.Release|x64.Build.0 = Release|x64
		{9B12859C-608B-4C46-B508-73D1D968D999}.Release|x86.ActiveCfg = Release|Win32
		{9B12859C-608B-4C46-B508-73D1D968D999}.Release|x86.Build.0 = Release|Win32
		{36A8E817-5C7C-4603-986E-4DD2CB191CB5}.Debug|x64.ActiveCfg = Debug|x64
		{36A8E817-5C7C-4603-986E-4DD2CB191CB5}.Debug|x64.Build.0 = Debug|x64
		{36A8E817-5C7C-4603-986E-4DD2CB191CB5}.Debug|x86.ActiveCfg = Debug|Win32
		{36A8E817-5C7C-4603-986E-4DD2CB191CB5}.Debug|x86.Build.0 = Debug|Win32
		{36A8E817-5C7C-4603-986E-4DD2CB191CB5}.Release|x64.ActiveCfg = Release|x64
		{36A8E817-5C7C-4603-986E-4DD2CB191CB5}.Release|x64.Build.0 = Release|x64
		{36A8E817-5C7C-4603-986E-4DD2CB191CB5}.Release|x86.ActiveCfg = Release|Win32
		{36A8E817-5C7C-4603-986E-4DD2CB191CB5}.Release|x86.Build.0 = Release|Win32
	EndGlobalSection
	GlobalSection(SolutionProperties) = preSolution
		HideSolutionNode = FALSE
	EndGlobalSection
	GlobalSection(ExtensibilityGlobals) = postSolution
		SolutionGuid = {1CF2D789-B872-4F25-8AD6-21F484142EDE}
	EndGlobalSection
EndGlobal
